
Microsoft Visual Studio Solution File, Format Version 12.00
# Visual Studio Version 17
VisualStudioVersion = 17.14.36429.23
MinimumVisualStudioVersion = 10.0.40219.1
Project("{2150E333-8FDC-42A3-9474-1A3956D46DE8}") = "Task0", "Task0", "{02EA681E-C7D8-13C7-8484-4AC65E1B71E8}"
EndProject
Project("{FAE04EC0-301F-11D3-BF4B-00C04F79EFBC}") = "Tyuiu.KachulinMV.Sprint1.Task0.V4", "Tyuiu.KachulinMV.Sprint1.Task0.V18\Tyuiu.KachulinMV.Sprint1.Task0.V4.csproj", "{8D3A7E86-466D-4061-A8C8-69117A1A6034}"
EndProject
Project("{FAE04EC0-301F-11D3-BF4B-00C04F79EFBC}") = "Tyuiu.KachulinMV.Sprint1.Task0.V4.Lib", "Tyuiu.KachulinMV.Sprint1.Task0.V18.Lib\Tyuiu.KachulinMV.Sprint1.Task0.V4.Lib.csproj", "{FAC6324D-C5F6-4C31-A26B-7D4DA5281484}"
EndProject
Project("{FAE04EC0-301F-11D3-BF4B-00C04F79EFBC}") = "Tyuiu.KachulinMV.Sprint1.Task0.V4.Test", "Tyuiu.KachulinMV.Sprint1.Task0.V18.Test\Tyuiu.KachulinMV.Sprint1.Task0.V4.Test.csproj", "{DE669E6B-0F72-4AE2-BF78-4174FB0A0273}"
EndProject
Project("{2150E333-8FDC-42A3-9474-1A3956D46DE8}") = "Task 1", "Task 1", "{E8C241FF-E485-4D26-B75C-45329BBC45BA}"
EndProject
Project("{FAE04EC0-301F-11D3-BF4B-00C04F79EFBC}") = "Tyuiu.KachulinMV.Sprint1.Task1.V4", "Tyuiu.KachulinMV.Sprint1.Task1.V4\Tyuiu.KachulinMV.Sprint1.Task1.V4.csproj", "{8104521A-2652-474D-84D4-0294EB45F999}"
EndProject
Project("{FAE04EC0-301F-11D3-BF4B-00C04F79EFBC}") = "Tyuiu.KachulinMV.Sprint1.Task1.V4.Test", "Tyuiu.KachulinMV.Sprint1.Task1.V4.Test\Tyuiu.KachulinMV.Sprint1.Task1.V4.Test.csproj", "{6530F009-79A5-4E24-B5DA-B44EDA56963E}"
EndProject
Project("{FAE04EC0-301F-11D3-BF4B-00C04F79EFBC}") = "Tyuiu.KachulinMV.Sprint1.Task1.V4.Lib", "Tyuiu.KachulinMV.Sprint1.Task1.V4.Lib\Tyuiu.KachulinMV.Sprint1.Task1.V4.Lib.csproj", "{B74A45E4-F947-40AB-90AA-25B5CF970F0F}"
EndProject
Project("{2150E333-8FDC-42A3-9474-1A3956D46DE8}") = "Task2", "Task2", "{B7026618-C79C-4C80-BB34-8DF7A18F8070}"
EndProject
Project("{FAE04EC0-301F-11D3-BF4B-00C04F79EFBC}") = "Tyuiu.KachulinMV.Sprint1.Task2.V6", "Tyuiu.KachulinMV.Sprint1.Task2.V6\Tyuiu.KachulinMV.Sprint1.Task2.V6.csproj", "{534C4BF5-1666-3074-E82F-B6EEDED26AFD}"
EndProject
Project("{FAE04EC0-301F-11D3-BF4B-00C04F79EFBC}") = "Tyuiu.KachulinMV.Sprint1.Task2.V6.Lib", "Tyuiu.KachulinMV.Sprint1.Task2.V6.Lib\Tyuiu.KachulinMV.Sprint1.Task2.V6.Lib.csproj", "{642A0150-988E-252A-D0A8-7602CB66D4FF}"
EndProject
Project("{FAE04EC0-301F-11D3-BF4B-00C04F79EFBC}") = "Tyuiu.KachulinMV.Sprint1.Task2.V6.Test", "Tyuiu.KachulinMV.Sprint1.Task2.V6.Test\Tyuiu.KachulinMV.Sprint1.Task2.V6.Test.csproj", "{E1C8521F-4ECE-E3A7-D629-19395956F6F6}"
EndProject
Project("{2150E333-8FDC-42A3-9474-1A3956D46DE8}") = "Task3", "Task3", "{3FB5E19A-8727-46CF-A79B-078CB24B399F}"
EndProject
Project("{FAE04EC0-301F-11D3-BF4B-00C04F79EFBC}") = "Tyuiu.KachulinMV.Sprint1.Task3.V19", "Tyuiu.KachulinMV.Sprint1.Task3.V19\Tyuiu.KachulinMV.Sprint1.Task3.V19.csproj", "{44637D67-12E0-4CED-9175-E8A7692466A6}"
EndProject
Project("{FAE04EC0-301F-11D3-BF4B-00C04F79EFBC}") = "Tyuiu.KachulinMV.Sprint1.Task3.V19.Test", "Tyuiu.KachulinMV.Sprint1.Task3.V19.Test\Tyuiu.KachulinMV.Sprint1.Task3.V19.Test.csproj", "{026B7C39-F1B2-431A-9B45-6018118C8357}"
EndProject
Project("{FAE04EC0-301F-11D3-BF4B-00C04F79EFBC}") = "Tyuiu.KachulinMV.Sprint1.Task3.V19.Lib", "Tyuiu.KachulinMV.Sprint1.Task3.V19.Lib\Tyuiu.KachulinMV.Sprint1.Task3.V19.Lib.csproj", "{88C21FE0-33A3-4B6F-ABE0-D1FB75AB23F0}"
EndProject
Project("{2150E333-8FDC-42A3-9474-1A3956D46DE8}") = "Task4", "Task4", "{0BB893B6-6B17-42C8-BD04-941BF13D5880}"
EndProject
Project("{FAE04EC0-301F-11D3-BF4B-00C04F79EFBC}") = "Tyuiu.KachulinMV.Sprint1.Task4.V9", "Tyuiu.KachulinMV.Sprint1.Task4.V9\Tyuiu.KachulinMV.Sprint1.Task4.V9.csproj", "{C91D725C-9B72-49DB-9179-F5BD0632FEBA}"
EndProject
Project("{FAE04EC0-301F-11D3-BF4B-00C04F79EFBC}") = "Tyuiu.KachulinMV.Sprint1.Task4.V9.Lib", "Tyuiu.KachulinMV.Sprint1.Task4.V9.Lib\Tyuiu.KachulinMV.Sprint1.Task4.V9.Lib.csproj", "{CE809F37-3953-48AC-A68A-B3402959CDD2}"
EndProject
Project("{FAE04EC0-301F-11D3-BF4B-00C04F79EFBC}") = "Tyuiu.KachulinMV.Sprint1.Task4.V9.Test", "Tyuiu.KachulinMV.Sprint1.Task4.V9.Test\Tyuiu.KachulinMV.Sprint1.Task4.V9.Test.csproj", "{75F10A4B-9F86-476C-B6AE-F42F2D9F1EA1}"
EndProject
Project("{2150E333-8FDC-42A3-9474-1A3956D46DE8}") = "Task5", "Task5", "{970E5053-F080-47F1-B8FD-CBAA1FFB7FBC}"
EndProject
Project("{FAE04EC0-301F-11D3-BF4B-00C04F79EFBC}") = "Tyuiu.KachulinMV.Sprint1.Task5.V5", "Tyuiu.KachulinMV.Sprint1.Task5.V5\Tyuiu.KachulinMV.Sprint1.Task5.V5.csproj", "{B140E34B-AE7B-4D15-AC34-BC5C358E61AE}"
EndProject
Project("{FAE04EC0-301F-11D3-BF4B-00C04F79EFBC}") = "Tyuiu.KachulinMV.Sprint1.Task5.V5.Test", "Tyuiu.KachulinMV.Sprint1.Task5.V5.Test\Tyuiu.KachulinMV.Sprint1.Task5.V5.Test.csproj", "{901DF5CA-F5A8-41F8-A70D-28DA301FCC29}"
EndProject
Project("{FAE04EC0-301F-11D3-BF4B-00C04F79EFBC}") = "Tyuiu.KachulinMV.Sprint1.Task5.V5.Lib", "Tyuiu.KachulinMV.Sprint1.Task5.V5.Lib\Tyuiu.KachulinMV.Sprint1.Task5.V5.Lib.csproj", "{DE204E91-F4BE-4F90-AF98-5D7D12DAC859}"
EndProject
Global
	GlobalSection(SolutionConfigurationPlatforms) = preSolution
		Debug|Any CPU = Debug|Any CPU
		Release|Any CPU = Release|Any CPU
	EndGlobalSection
	GlobalSection(ProjectConfigurationPlatforms) = postSolution
		{8D3A7E86-466D-4061-A8C8-69117A1A6034}.Debug|Any CPU.ActiveCfg = Debug|Any CPU
		{8D3A7E86-466D-4061-A8C8-69117A1A6034}.Debug|Any CPU.Build.0 = Debug|Any CPU
		{8D3A7E86-466D-4061-A8C8-69117A1A6034}.Release|Any CPU.ActiveCfg = Release|Any CPU
		{8D3A7E86-466D-4061-A8C8-69117A1A6034}.Release|Any CPU.Build.0 = Release|Any CPU
		{FAC6324D-C5F6-4C31-A26B-7D4DA5281484}.Debug|Any CPU.ActiveCfg = Debug|Any CPU
		{FAC6324D-C5F6-4C31-A26B-7D4DA5281484}.Debug|Any CPU.Build.0 = Debug|Any CPU
		{FAC6324D-C5F6-4C31-A26B-7D4DA5281484}.Release|Any CPU.ActiveCfg = Release|Any CPU
		{FAC6324D-C5F6-4C31-A26B-7D4DA5281484}.Release|Any CPU.Build.0 = Release|Any CPU
		{DE669E6B-0F72-4AE2-BF78-4174FB0A0273}.Debug|Any CPU.ActiveCfg = Debug|Any CPU
		{DE669E6B-0F72-4AE2-BF78-4174FB0A0273}.Debug|Any CPU.Build.0 = Debug|Any CPU
		{DE669E6B-0F72-4AE2-BF78-4174FB0A0273}.Release|Any CPU.ActiveCfg = Release|Any CPU
		{DE669E6B-0F72-4AE2-BF78-4174FB0A0273}.Release|Any CPU.Build.0 = Release|Any CPU
		{8104521A-2652-474D-84D4-0294EB45F999}.Debug|Any CPU.ActiveCfg = Debug|Any CPU
		{8104521A-2652-474D-84D4-0294EB45F999}.Debug|Any CPU.Build.0 = Debug|Any CPU
		{8104521A-2652-474D-84D4-0294EB45F999}.Release|Any CPU.ActiveCfg = Release|Any CPU
		{8104521A-2652-474D-84D4-0294EB45F999}.Release|Any CPU.Build.0 = Release|Any CPU
		{6530F009-79A5-4E24-B5DA-B44EDA56963E}.Debug|Any CPU.ActiveCfg = Debug|Any CPU
		{6530F009-79A5-4E24-B5DA-B44EDA56963E}.Debug|Any CPU.Build.0 = Debug|Any CPU
		{6530F009-79A5-4E24-B5DA-B44EDA56963E}.Release|Any CPU.ActiveCfg = Release|Any CPU
		{6530F009-79A5-4E24-B5DA-B44EDA56963E}.Release|Any CPU.Build.0 = Release|Any CPU
		{B74A45E4-F947-40AB-90AA-25B5CF970F0F}.Debug|Any CPU.ActiveCfg = Debug|Any CPU
		{B74A45E4-F947-40AB-90AA-25B5CF970F0F}.Debug|Any CPU.Build.0 = Debug|Any CPU
		{B74A45E4-F947-40AB-90AA-25B5CF970F0F}.Release|Any CPU.ActiveCfg = Release|Any CPU
		{B74A45E4-F947-40AB-90AA-25B5CF970F0F}.Release|Any CPU.Build.0 = Release|Any CPU
		{534C4BF5-1666-3074-E82F-B6EEDED26AFD}.Debug|Any CPU.ActiveCfg = Debug|Any CPU
		{534C4BF5-1666-3074-E82F-B6EEDED26AFD}.Debug|Any CPU.Build.0 = Debug|Any CPU
		{534C4BF5-1666-3074-E82F-B6EEDED26AFD}.Release|Any CPU.ActiveCfg = Release|Any CPU
		{534C4BF5-1666-3074-E82F-B6EEDED26AFD}.Release|Any CPU.Build.0 = Release|Any CPU
		{642A0150-988E-252A-D0A8-7602CB66D4FF}.Debug|Any CPU.ActiveCfg = Debug|Any CPU
		{642A0150-988E-252A-D0A8-7602CB66D4FF}.Debug|Any CPU.Build.0 = Debug|Any CPU
		{642A0150-988E-252A-D0A8-7602CB66D4FF}.Release|Any CPU.ActiveCfg = Release|Any CPU
		{642A0150-988E-252A-D0A8-7602CB66D4FF}.Release|Any CPU.Build.0 = Release|Any CPU
		{E1C8521F-4ECE-E3A7-D629-19395956F6F6}.Debug|Any CPU.ActiveCfg = Debug|Any CPU
		{E1C8521F-4ECE-E3A7-D629-19395956F6F6}.Debug|Any CPU.Build.0 = Debug|Any CPU
		{E1C8521F-4ECE-E3A7-D629-19395956F6F6}.Release|Any CPU.ActiveCfg = Release|Any CPU
		{E1C8521F-4ECE-E3A7-D629-19395956F6F6}.Release|Any CPU.Build.0 = Release|Any CPU
		{44637D67-12E0-4CED-9175-E8A7692466A6}.Debug|Any CPU.ActiveCfg = Debug|Any CPU
		{44637D67-12E0-4CED-9175-E8A7692466A6}.Debug|Any CPU.Build.0 = Debug|Any CPU
		{44637D67-12E0-4CED-9175-E8A7692466A6}.Release|Any CPU.ActiveCfg = Release|Any CPU
		{44637D67-12E0-4CED-9175-E8A7692466A6}.Release|Any CPU.Build.0 = Release|Any CPU
		{026B7C39-F1B2-431A-9B45-6018118C8357}.Debug|Any CPU.ActiveCfg = Debug|Any CPU
		{026B7C39-F1B2-431A-9B45-6018118C8357}.Debug|Any CPU.Build.0 = Debug|Any CPU
		{026B7C39-F1B2-431A-9B45-6018118C8357}.Release|Any CPU.ActiveCfg = Release|Any CPU
		{026B7C39-F1B2-431A-9B45-6018118C8357}.Release|Any CPU.Build.0 = Release|Any CPU
		{88C21FE0-33A3-4B6F-ABE0-D1FB75AB23F0}.Debug|Any CPU.ActiveCfg = Debug|Any CPU
		{88C21FE0-33A3-4B6F-ABE0-D1FB75AB23F0}.Debug|Any CPU.Build.0 = Debug|Any CPU
		{88C21FE0-33A3-4B6F-ABE0-D1FB75AB23F0}.Release|Any CPU.ActiveCfg = Release|Any CPU
		{88C21FE0-33A3-4B6F-ABE0-D1FB75AB23F0}.Release|Any CPU.Build.0 = Release|Any CPU
		{C91D725C-9B72-49DB-9179-F5BD0632FEBA}.Debug|Any CPU.ActiveCfg = Debug|Any CPU
		{C91D725C-9B72-49DB-9179-F5BD0632FEBA}.Debug|Any CPU.Build.0 = Debug|Any CPU
		{C91D725C-9B72-49DB-9179-F5BD0632FEBA}.Release|Any CPU.ActiveCfg = Release|Any CPU
		{C91D725C-9B72-49DB-9179-F5BD0632FEBA}.Release|Any CPU.Build.0 = Release|Any CPU
		{CE809F37-3953-48AC-A68A-B3402959CDD2}.Debug|Any CPU.ActiveCfg = Debug|Any CPU
		{CE809F37-3953-48AC-A68A-B3402959CDD2}.Debug|Any CPU.Build.0 = Debug|Any CPU
		{CE809F37-3953-48AC-A68A-B3402959CDD2}.Release|Any CPU.ActiveCfg = Release|Any CPU
		{CE809F37-3953-48AC-A68A-B3402959CDD2}.Release|Any CPU.Build.0 = Release|Any CPU
		{75F10A4B-9F86-476C-B6AE-F42F2D9F1EA1}.Debug|Any CPU.ActiveCfg = Debug|Any CPU
		{75F10A4B-9F86-476C-B6AE-F42F2D9F1EA1}.Debug|Any CPU.Build.0 = Debug|Any CPU
		{75F10A4B-9F86-476C-B6AE-F42F2D9F1EA1}.Release|Any CPU.ActiveCfg = Release|Any CPU
		{75F10A4B-9F86-476C-B6AE-F42F2D9F1EA1}.Release|Any CPU.Build.0 = Release|Any CPU
		{B140E34B-AE7B-4D15-AC34-BC5C358E61AE}.Debug|Any CPU.ActiveCfg = Debug|Any CPU
		{B140E34B-AE7B-4D15-AC34-BC5C358E61AE}.Debug|Any CPU.Build.0 = Debug|Any CPU
		{B140E34B-AE7B-4D15-AC34-BC5C358E61AE}.Release|Any CPU.ActiveCfg = Release|Any CPU
		{B140E34B-AE7B-4D15-AC34-BC5C358E61AE}.Release|Any CPU.Build.0 = Release|Any CPU
		{901DF5CA-F5A8-41F8-A70D-28DA301FCC29}.Debug|Any CPU.ActiveCfg = Debug|Any CPU
		{901DF5CA-F5A8-41F8-A70D-28DA301FCC29}.Debug|Any CPU.Build.0 = Debug|Any CPU
		{901DF5CA-F5A8-41F8-A70D-28DA301FCC29}.Release|Any CPU.ActiveCfg = Release|Any CPU
		{901DF5CA-F5A8-41F8-A70D-28DA301FCC29}.Release|Any CPU.Build.0 = Release|Any CPU
		{DE204E91-F4BE-4F90-AF98-5D7D12DAC859}.Debug|Any CPU.ActiveCfg = Debug|Any CPU
		{DE204E91-F4BE-4F90-AF98-5D7D12DAC859}.Debug|Any CPU.Build.0 = Debug|Any CPU
		{DE204E91-F4BE-4F90-AF98-5D7D12DAC859}.Release|Any CPU.ActiveCfg = Release|Any CPU
		{DE204E91-F4BE-4F90-AF98-5D7D12DAC859}.Release|Any CPU.Build.0 = Release|Any CPU
	EndGlobalSection
	GlobalSection(SolutionProperties) = preSolution
		HideSolutionNode = FALSE
	EndGlobalSection
	GlobalSection(NestedProjects) = preSolution
		{8D3A7E86-466D-4061-A8C8-69117A1A6034} = {02EA681E-C7D8-13C7-8484-4AC65E1B71E8}
		{FAC6324D-C5F6-4C31-A26B-7D4DA5281484} = {02EA681E-C7D8-13C7-8484-4AC65E1B71E8}
		{DE669E6B-0F72-4AE2-BF78-4174FB0A0273} = {02EA681E-C7D8-13C7-8484-4AC65E1B71E8}
		{8104521A-2652-474D-84D4-0294EB45F999} = {E8C241FF-E485-4D26-B75C-45329BBC45BA}
		{6530F009-79A5-4E24-B5DA-B44EDA56963E} = {E8C241FF-E485-4D26-B75C-45329BBC45BA}
		{B74A45E4-F947-40AB-90AA-25B5CF970F0F} = {E8C241FF-E485-4D26-B75C-45329BBC45BA}
		{534C4BF5-1666-3074-E82F-B6EEDED26AFD} = {B7026618-C79C-4C80-BB34-8DF7A18F8070}
		{642A0150-988E-252A-D0A8-7602CB66D4FF} = {B7026618-C79C-4C80-BB34-8DF7A18F8070}
		{E1C8521F-4ECE-E3A7-D629-19395956F6F6} = {B7026618-C79C-4C80-BB34-8DF7A18F8070}
		{44637D67-12E0-4CED-9175-E8A7692466A6} = {3FB5E19A-8727-46CF-A79B-078CB24B399F}
		{026B7C39-F1B2-431A-9B45-6018118C8357} = {3FB5E19A-8727-46CF-A79B-078CB24B399F}
		{88C21FE0-33A3-4B6F-ABE0-D1FB75AB23F0} = {3FB5E19A-8727-46CF-A79B-078CB24B399F}
		{C91D725C-9B72-49DB-9179-F5BD0632FEBA} = {0BB893B6-6B17-42C8-BD04-941BF13D5880}
		{CE809F37-3953-48AC-A68A-B3402959CDD2} = {0BB893B6-6B17-42C8-BD04-941BF13D5880}
		{75F10A4B-9F86-476C-B6AE-F42F2D9F1EA1} = {0BB893B6-6B17-42C8-BD04-941BF13D5880}
		{B140E34B-AE7B-4D15-AC34-BC5C358E61AE} = {970E5053-F080-47F1-B8FD-CBAA1FFB7FBC}
		{901DF5CA-F5A8-41F8-A70D-28DA301FCC29} = {970E5053-F080-47F1-B8FD-CBAA1FFB7FBC}
		{DE204E91-F4BE-4F90-AF98-5D7D12DAC859} = {970E5053-F080-47F1-B8FD-CBAA1FFB7FBC}
	EndGlobalSection
	GlobalSection(ExtensibilityGlobals) = postSolution
		SolutionGuid = {BB586930-9D99-4B2F-B2E0-208C18961E20}
	EndGlobalSection
EndGlobal
